
Microsoft Visual Studio Solution File, Format Version 12.00
# Visual Studio 2012
Project("{FAE04EC0-301F-11D3-BF4B-00C04F79EFBC}") = "maxsum", "maxsum\maxsum.csproj", "{92959326-CA4B-4B2D-9F05-DB8831B2DC4B}"
EndProject
Project("{FAE04EC0-301F-11D3-BF4B-00C04F79EFBC}") = "sample", "sample\sample.csproj", "{89DDD397-3846-4DE6-85B3-584244DDC9FC}"
EndProject
Project("{FAE04EC0-301F-11D3-BF4B-00C04F79EFBC}") = "CalculateMaxArea", "CalculateMaxArea\CalculateMaxArea.csproj", "{868DD2E4-9286-4FD5-9F9A-C759E67D964A}"
EndProject
Global
	GlobalSection(SolutionConfigurationPlatforms) = preSolution
		Debug|Any CPU = Debug|Any CPU
		Release|Any CPU = Release|Any CPU
	EndGlobalSection
	GlobalSection(ProjectConfigurationPlatforms) = postSolution
		{92959326-CA4B-4B2D-9F05-DB8831B2DC4B}.Debug|Any CPU.ActiveCfg = Debug|Any CPU
		{92959326-CA4B-4B2D-9F05-DB8831B2DC4B}.Debug|Any CPU.Build.0 = Debug|Any CPU
		{92959326-CA4B-4B2D-9F05-DB8831B2DC4B}.Release|Any CPU.ActiveCfg = Release|Any CPU
		{92959326-CA4B-4B2D-9F05-DB8831B2DC4B}.Release|Any CPU.Build.0 = Release|Any CPU
		{89DDD397-3846-4DE6-85B3-584244DDC9FC}.Debug|Any CPU.ActiveCfg = Debug|Any CPU
		{89DDD397-3846-4DE6-85B3-584244DDC9FC}.Debug|Any CPU.Build.0 = Debug|Any CPU
		{89DDD397-3846-4DE6-85B3-584244DDC9FC}.Release|Any CPU.ActiveCfg = Release|Any CPU
		{89DDD397-3846-4DE6-85B3-584244DDC9FC}.Release|Any CPU.Build.0 = Release|Any CPU
		{868DD2E4-9286-4FD5-9F9A-C759E67D964A}.Debug|Any CPU.ActiveCfg = Debug|Any CPU
		{868DD2E4-9286-4FD5-9F9A-C759E67D964A}.Debug|Any CPU.Build.0 = Debug|Any CPU
		{868DD2E4-9286-4FD5-9F9A-C759E67D964A}.Release|Any CPU.ActiveCfg = Release|Any CPU
		{868DD2E4-9286-4FD5-9F9A-C759E67D964A}.Release|Any CPU.Build.0 = Release|Any CPU
	EndGlobalSection
	GlobalSection(SolutionProperties) = preSolution
		HideSolutionNode = FALSE
	EndGlobalSection
EndGlobal
